{
  "lockfileVersion": 1,
  "configVersion": 1,
  "workspaces": {
    "": {
      "name": "elysia-supabase",
      "dependencies": {
        "@elysiajs/cookie": "^0.8.0",
        "@elysiajs/eden": "^1.4.9",
        "@elysiajs/jwt": "^1.4.2",
        "@supabase/supabase-js": "^2.105.1",
        "bcryptjs": "^3.0.3",
        "elysia": "^1.2.0-rc.3",
      },
      "devDependencies": {
        "@types/bcryptjs": "^3.0.0",
        "bun-types": "latest",
      },
    },
  },
  "packages": {
    "@elysiajs/cookie": ["@elysiajs/cookie@0.8.0", "", { "dependencies": { "@types/cookie": "^0.5.1", "@types/cookie-signature": "^1.1.0", "cookie": "^0.5.0", "cookie-signature": "^1.2.1" }, "peerDependencies": { "elysia": ">= 0.8.0" } }, "sha512-CUtDwdYEoN0BcQ3SgZrB4x5nrbM4ih0sMhMuKKdMlEvqLtmRQDfq9KBCrMJW6L/Q0tPH0JLRqwjEbVb6rJufCw=="],

    "@elysiajs/eden": ["@elysiajs/eden@1.4.9", "", { "peerDependencies": { "elysia": ">=1.4.19" } }, "sha512-3CKVD4ycVjB8nCNssfmhnUuq3SzSHkUES3v5PNCFr9LxIrx39/HVRAZ8z2sLxrFqzUs48dCBZaxoZzJ5UUVHDA=="],

    "@elysiajs/jwt": ["@elysiajs/jwt@1.4.2", "", { "dependencies": { "jose": "^6.0.11" }, "peerDependencies": { "elysia": ">= 1.4.27" } }, "sha512-gSPjF8KoL7cQIxL3kb+Ui9g5jpBdO4iUTe2+F52w66JVFct2K8cTLum8PEArxRZNg4PBrg100h6i1bJ2zfcqMg=="],

    "@sinclair/typebox": ["@sinclair/typebox@0.34.49", "", {}, "sha512-brySQQs7Jtn0joV8Xh9ZV/hZb9Ozb0pmazDIASBkYKCjXrXU3mpcFahmK/z4YDhGkQvP9mWJbVyahdtU5wQA+A=="],

    "@supabase/auth-js": ["@supabase/auth-js@2.105.1", "", { "dependencies": { "tslib": "2.8.1" } }, "sha512-zc4s8Xg4truwE1Q4Q8M8oUVDARMd05pKh73NyQsMbYU1HDdDN2iiKzena/yu+yJze3WrD4c092FdckPiK1rLQw=="],

    "@supabase/functions-js": ["@supabase/functions-js@2.105.1", "", { "dependencies": { "tslib": "2.8.1" } }, "sha512-dTk1e7oE51VGc1lS2S0J0NLo0Wp4JYChj74ArJKbIWgoWuFwO0wcJYjeyOV3AAEpKst8/LQWUZOUKO1tRXBrpA=="],

    "@supabase/phoenix": ["@supabase/phoenix@0.4.1", "", {}, "sha512-hWGJkDAfWUNY8k0C080u3sGNFd2ncl9erhKgP7hnGkgJWEfT5Pd/SXal4QmWXBECVlZrannMAc9sBaaRyWpiUA=="],

    "@supabase/postgrest-js": ["@supabase/postgrest-js@2.105.1", "", { "dependencies": { "tslib": "2.8.1" } }, "sha512-6SbtsoWC55xfsm7gbfLqvF+yIwTQEbjt+jFGf4klDpwSnUy17Hv5x0Dq52oqwTQlw6Ta0h1D5gTP0/pApqNojA=="],

    "@supabase/realtime-js": ["@supabase/realtime-js@2.105.1", "", { "dependencies": { "@supabase/phoenix": "^0.4.1", "@types/ws": "^8.18.1", "tslib": "2.8.1", "ws": "^8.18.2" } }, "sha512-3X3cUEl5cJ4lRQHr1hXHx0b98OaL97RRO2vrRZ98FD91JV/MquZHhrGJSv/+IkOnjF6E2e0RUOxE8P3Zi035ow=="],

    "@supabase/storage-js": ["@supabase/storage-js@2.105.1", "", { "dependencies": { "iceberg-js": "^0.8.1", "tslib": "2.8.1" } }, "sha512-owfdCNH5ikXXDusjzsgU6LavEBqGUoueOnL/9XIucld70/WJ/rbqp89K//c9QPICDNuegsmpoeasydDAiucLKQ=="],

    "@supabase/supabase-js": ["@supabase/supabase-js@2.105.1", "", { "dependencies": { "@supabase/auth-js": "2.105.1", "@supabase/functions-js": "2.105.1", "@supabase/postgrest-js": "2.105.1", "@supabase/realtime-js": "2.105.1", "@supabase/storage-js": "2.105.1" } }, "sha512-4gn6HmsAkCCVU7p8JmgKGhHJ5Btod4ZzSp8qKZf4JHaTxbhaIK86/usHzeLxWv7EJJDhBmILDmJOSOf9iF4CLA=="],

    "@types/bcryptjs": ["@types/bcryptjs@3.0.0", "", { "dependencies": { "bcryptjs": "*" } }, "sha512-WRZOuCuaz8UcZZE4R5HXTco2goQSI2XxjGY3hbM/xDvwmqFWd4ivooImsMx65OKM6CtNKbnZ5YL+YwAwK7c1dg=="],

    "@types/cookie": ["@types/cookie@0.5.4", "", {}, "sha512-7z/eR6O859gyWIAjuvBWFzNURmf2oPBmJlfVWkwehU5nzIyjwBsTh7WMmEEV4JFnHuQ3ex4oyTvfKzcyJVDBNA=="],

    "@types/cookie-signature": ["@types/cookie-signature@1.1.2", "", { "dependencies": { "@types/node": "*" } }, "sha512-2OhrZV2LVnUAXklUFwuYUTokalh/dUb8rqt70OW6ByMSxYpauPZ+kfNLknX3aJyjY5iu8i3cUyoLZP9Fn37tTg=="],

    "@types/node": ["@types/node@25.6.0", "", { "dependencies": { "undici-types": "~7.19.0" } }, "sha512-+qIYRKdNYJwY3vRCZMdJbPLJAtGjQBudzZzdzwQYkEPQd+PJGixUL5QfvCLDaULoLv+RhT3LDkwEfKaAkgSmNQ=="],

    "@types/ws": ["@types/ws@8.18.1", "", { "dependencies": { "@types/node": "*" } }, "sha512-ThVF6DCVhA8kUGy+aazFQ4kXQ7E1Ty7A3ypFOe0IcJV8O/M511G99AW24irKrW56Wt44yG9+ij8FaqoBGkuBXg=="],

    "bcryptjs": ["bcryptjs@3.0.3", "", { "bin": { "bcrypt": "bin/bcrypt" } }, "sha512-GlF5wPWnSa/X5LKM1o0wz0suXIINz1iHRLvTS+sLyi7XPbe5ycmYI3DlZqVGZZtDgl4DmasFg7gOB3JYbphV5g=="],

    "bun-types": ["bun-types@1.3.13", "", { "dependencies": { "@types/node": "*" } }, "sha512-QXKeHLlOLqQX9LgYaHJfzdBaV21T63HhFJnvuRCcjZiaUDpbs5ED1MgxbMra71CsryN/1dAoXuJJJwIv/2drVA=="],

    "cookie": ["cookie@0.5.0", "", {}, "sha512-YZ3GUyn/o8gfKJlnlX7g7xq4gyO6OSuhGPKaaGssGB2qgDUS0gPgtTvoyZLTt9Ab6dC4hfc9dV5arkvc/OCmrw=="],

    "cookie-signature": ["cookie-signature@1.2.2", "", {}, "sha512-D76uU73ulSXrD1UXF4KE2TMxVVwhsnCgfAyTg9k8P6KGZjlXKrOLe4dJQKI3Bxi5wjesZoFXJWElNWBjPZMbhg=="],

    "elysia": ["elysia@1.2.0-rc.3", "", { "dependencies": { "@sinclair/typebox": "^0.34.7", "cookie": "^1.0.1", "fast-decode-uri-component": "^1.0.1", "memoirist": "^0.2.0", "openapi-types": "^12.1.3" }, "peerDependencies": { "typescript": ">= 5.0.0" }, "optionalPeers": ["typescript"] }, "sha512-fxOtnYEFgEzbK/4Th78yrYv0cfoOcS3kR8GLJUMU2HmEFGyFCJaj5fpiyzUeBI9uujmAreLQ+hUw9HX4JQCSPQ=="],

    "fast-decode-uri-component": ["fast-decode-uri-component@1.0.1", "", {}, "sha512-WKgKWg5eUxvRZGwW8FvfbaH7AXSh2cL+3j5fMGzUMCxWBJ3dV3a7Wz8y2f/uQ0e3B6WmodD3oS54jTQ9HVTIIg=="],

    "iceberg-js": ["iceberg-js@0.8.1", "", {}, "sha512-1dhVQZXhcHje7798IVM+xoo/1ZdVfzOMIc8/rgVSijRK38EDqOJoGula9N/8ZI5RD8QTxNQtK/Gozpr+qUqRRA=="],

    "jose": ["jose@6.2.3", "", {}, "sha512-YYVDInQKFJfR/xa3ojUTl8c2KoTwiL1R5Wg9YCydwH0x0B9grbzlg5HC7mMjCtUJjbQ/YnGEZIhI5tCgfTb4Hw=="],

    "memoirist": ["memoirist@0.2.0", "", {}, "sha512-DA1V11OWsKmYjgYHfT1luus0FtTjUbILfI9s5M+ckK29tBLON6GDhH5GwxDz7E1ou4Bdzm9vhbeCaRAWxwG+0g=="],

    "openapi-types": ["openapi-types@12.1.3", "", {}, "sha512-N4YtSYJqghVu4iek2ZUvcN/0aqH1kRDuNqzcycDxhOUpg7GdvLa2F3DgS6yBNhInhv2r/6I0Flkn7CqL8+nIcw=="],

    "tslib": ["tslib@2.8.1", "", {}, "sha512-oJFu94HQb+KVduSUQL7wnpmqnfmLsOA/nAh6b6EH0wCEoK0/mPeXU6c3wKDV83MkOuHPRHtSXKKU99IBazS/2w=="],

    "undici-types": ["undici-types@7.19.2", "", {}, "sha512-qYVnV5OEm2AW8cJMCpdV20CDyaN3g0AjDlOGf1OW4iaDEx8MwdtChUp4zu4H0VP3nDRF/8RKWH+IPp9uW0YGZg=="],

    "ws": ["ws@8.20.0", "", { "peerDependencies": { "bufferutil": "^4.0.1", "utf-8-validate": ">=5.0.2" }, "optionalPeers": ["bufferutil", "utf-8-validate"] }, "sha512-sAt8BhgNbzCtgGbt2OxmpuryO63ZoDk/sqaB/znQm94T4fCEsy/yV+7CdC1kJhOU9lboAEU7R3kquuycDoibVA=="],

    "elysia/cookie": ["cookie@1.1.1", "", {}, "sha512-ei8Aos7ja0weRpFzJnEA9UHJ/7XQmqglbRwnf2ATjcB9Wq874VKH9kfjjirM6UhU2/E5fFYadylyhFldcqSidQ=="],
  }
}
